
Microsoft Visual Studio Solution File, Format Version 12.00
# Visual Studio 15
VisualStudioVersion = 15.0.27703.2035
MinimumVisualStudioVersion = 10.0.40219.1
Project("{FAE04EC0-301F-11D3-BF4B-00C04F79EFBC}") = "ScreenBabel", "ScreenBabel\ScreenBabel.csproj", "{A201B047-3458-4559-9A80-E8D5C4CB359C}"
EndProject
Project("{54435603-DBB4-11D2-8724-00A0C9A8B90C}") = "Setup", "Setup\Setup.vdproj", "{C223BF0D-229F-42B9-8E78-6EE3D4C436A8}"
EndProject
Global
	GlobalSection(SolutionConfigurationPlatforms) = preSolution
		Debug|Any CPU = Debug|Any CPU
		Release|Any CPU = Release|Any CPU
	EndGlobalSection
	GlobalSection(ProjectConfigurationPlatforms) = postSolution
		{A201B047-3458-4559-9A80-E8D5C4CB359C}.Debug|Any CPU.ActiveCfg = Debug|Any CPU
		{A201B047-3458-4559-9A80-E8D5C4CB359C}.Debug|Any CPU.Build.0 = Debug|Any CPU
		{A201B047-3458-4559-9A80-E8D5C4CB359C}.Release|Any CPU.ActiveCfg = Release|Any CPU
		{A201B047-3458-4559-9A80-E8D5C4CB359C}.Release|Any CPU.Build.0 = Release|Any CPU
		{C223BF0D-229F-42B9-8E78-6EE3D4C436A8}.Debug|Any CPU.ActiveCfg = Debug
		{C223BF0D-229F-42B9-8E78-6EE3D4C436A8}.Release|Any CPU.ActiveCfg = Release
	EndGlobalSection
	GlobalSection(SolutionProperties) = preSolution
		HideSolutionNode = FALSE
	EndGlobalSection
	GlobalSection(ExtensibilityGlobals) = postSolution
		SolutionGuid = {6FBC3577-D1CB-4CF9-911C-2699494D2956}
	EndGlobalSection
EndGlobal
